
Microsoft Visual Studio Solution File, Format Version 12.00
# Visual Studio Version 17
VisualStudioVersion = 17.1.32414.318
MinimumVisualStudioVersion = 10.0.40219.1
Project("{9A19103F-16F7-4668-BE54-9A1E7A4F7556}") = "GuiApp", "GuiApp\GuiApp.csproj", "{2FA81EA1-41B1-44D8-8432-07B2EC511931}"
EndProject
Project("{9A19103F-16F7-4668-BE54-9A1E7A4F7556}") = "Common", "Common\Common.csproj", "{25BF8C1B-5B8B-476B-81D0-4A10CFED162C}"
EndProject
Project("{9A19103F-16F7-4668-BE54-9A1E7A4F7556}") = "ConsoleApp", "ConsoleApp\ConsoleApp.csproj", "{EF333DE3-C1D5-4770-8C78-092D6D5E11CE}"
EndProject
Project("{9A19103F-16F7-4668-BE54-9A1E7A4F7556}") = "Exporters", "Exporters\Exporters.csproj", "{14646477-DAAB-4E68-95EF-F9EC2CA91555}"
EndProject
Project("{9A19103F-16F7-4668-BE54-9A1E7A4F7556}") = "VoyagerAPI", "VoyagerAPI\VoyagerAPI.csproj", "{C5F36211-99BF-470B-BCD5-868E724EF9FC}"
EndProject
Project("{2150E333-8FDC-42A3-9474-1A3956D46DE8}") = "Solution Items", "Solution Items", "{13F265B2-34FC-445C-B5BE-376661F85A1A}"
	ProjectSection(SolutionItems) = preProject
		.editorconfig = .editorconfig
	EndProjectSection
EndProject
Project("{930C7802-8A8C-48F9-8165-68863BCCD9DD}") = "WinInstaller", "WinInstaller\WinInstaller.wixproj", "{99993BE5-F8C8-44D0-ABF2-DFC3FDA43577}"
	ProjectSection(ProjectDependencies) = postProject
		{2FA81EA1-41B1-44D8-8432-07B2EC511931} = {2FA81EA1-41B1-44D8-8432-07B2EC511931}
	EndProjectSection
EndProject
Project("{930C7802-8A8C-48F9-8165-68863BCCD9DD}") = "WinInstallerBundle", "WinInstallerBundle\WinInstallerBundle.wixproj", "{3535E416-1D32-40B3-8228-470B5A0F2BCE}"
	ProjectSection(ProjectDependencies) = postProject
		{99993BE5-F8C8-44D0-ABF2-DFC3FDA43577} = {99993BE5-F8C8-44D0-ABF2-DFC3FDA43577}
	EndProjectSection
EndProject
Project("{8BC9CEB8-8B4A-11D0-8D11-00A0C91BC942}") = "NativeFitsLoader", "NativeFitsLoader\NativeFitsLoader.vcxproj", "{1389ACAB-96A0-47B0-8AC1-21F56A27FDE9}"
EndProject
Project("{9A19103F-16F7-4668-BE54-9A1E7A4F7556}") = "NativeFitsLoaderBootstrapper", "NativeFitsLoaderBootstrapper\NativeFitsLoaderBootstrapper.csproj", "{97CA0577-23EF-4AD5-882A-A2685683A710}"
EndProject
Project("{9A19103F-16F7-4668-BE54-9A1E7A4F7556}") = "FitsLoader", "FitsLoader\FitsLoader.csproj", "{B055EC0A-17EF-4427-AA4A-B65814971C36}"
EndProject
Global
	GlobalSection(SolutionConfigurationPlatforms) = preSolution
		Debug|Any CPU = Debug|Any CPU
		Debug|x64 = Debug|x64
		Debug|x86 = Debug|x86
		Release|Any CPU = Release|Any CPU
		Release|x64 = Release|x64
		Release|x86 = Release|x86
	EndGlobalSection
	GlobalSection(ProjectConfigurationPlatforms) = postSolution
		{2FA81EA1-41B1-44D8-8432-07B2EC511931}.Debug|Any CPU.ActiveCfg = Debug|Any CPU
		{2FA81EA1-41B1-44D8-8432-07B2EC511931}.Debug|Any CPU.Build.0 = Debug|Any CPU
		{2FA81EA1-41B1-44D8-8432-07B2EC511931}.Debug|x64.ActiveCfg = Debug|Any CPU
		{2FA81EA1-41B1-44D8-8432-07B2EC511931}.Debug|x64.Build.0 = Debug|Any CPU
		{2FA81EA1-41B1-44D8-8432-07B2EC511931}.Debug|x86.ActiveCfg = Debug|Any CPU
		{2FA81EA1-41B1-44D8-8432-07B2EC511931}.Debug|x86.Build.0 = Debug|Any CPU
		{2FA81EA1-41B1-44D8-8432-07B2EC511931}.Release|Any CPU.ActiveCfg = Release|Any CPU
		{2FA81EA1-41B1-44D8-8432-07B2EC511931}.Release|Any CPU.Build.0 = Release|Any CPU
		{2FA81EA1-41B1-44D8-8432-07B2EC511931}.Release|x64.ActiveCfg = Release|Any CPU
		{2FA81EA1-41B1-44D8-8432-07B2EC511931}.Release|x64.Build.0 = Release|Any CPU
		{2FA81EA1-41B1-44D8-8432-07B2EC511931}.Release|x86.ActiveCfg = Release|Any CPU
		{2FA81EA1-41B1-44D8-8432-07B2EC511931}.Release|x86.Build.0 = Release|Any CPU
		{25BF8C1B-5B8B-476B-81D0-4A10CFED162C}.Debug|Any CPU.ActiveCfg = Debug|Any CPU
		{25BF8C1B-5B8B-476B-81D0-4A10CFED162C}.Debug|Any CPU.Build.0 = Debug|Any CPU
		{25BF8C1B-5B8B-476B-81D0-4A10CFED162C}.Debug|x64.ActiveCfg = Debug|Any CPU
		{25BF8C1B-5B8B-476B-81D0-4A10CFED162C}.Debug|x64.Build.0 = Debug|Any CPU
		{25BF8C1B-5B8B-476B-81D0-4A10CFED162C}.Debug|x86.ActiveCfg = Debug|Any CPU
		{25BF8C1B-5B8B-476B-81D0-4A10CFED162C}.Debug|x86.Build.0 = Debug|Any CPU
		{25BF8C1B-5B8B-476B-81D0-4A10CFED162C}.Release|Any CPU.ActiveCfg = Release|Any CPU
		{25BF8C1B-5B8B-476B-81D0-4A10CFED162C}.Release|Any CPU.Build.0 = Release|Any CPU
		{25BF8C1B-5B8B-476B-81D0-4A10CFED162C}.Release|x64.ActiveCfg = Release|Any CPU
		{25BF8C1B-5B8B-476B-81D0-4A10CFED162C}.Release|x64.Build.0 = Release|Any CPU
		{25BF8C1B-5B8B-476B-81D0-4A10CFED162C}.Release|x86.ActiveCfg = Release|Any CPU
		{25BF8C1B-5B8B-476B-81D0-4A10CFED162C}.Release|x86.Build.0 = Release|Any CPU
		{EF333DE3-C1D5-4770-8C78-092D6D5E11CE}.Debug|Any CPU.ActiveCfg = Debug|Any CPU
		{EF333DE3-C1D5-4770-8C78-092D6D5E11CE}.Debug|Any CPU.Build.0 = Debug|Any CPU
		{EF333DE3-C1D5-4770-8C78-092D6D5E11CE}.Debug|x64.ActiveCfg = Debug|Any CPU
		{EF333DE3-C1D5-4770-8C78-092D6D5E11CE}.Debug|x64.Build.0 = Debug|Any CPU
		{EF333DE3-C1D5-4770-8C78-092D6D5E11CE}.Debug|x86.ActiveCfg = Debug|Any CPU
		{EF333DE3-C1D5-4770-8C78-092D6D5E11CE}.Debug|x86.Build.0 = Debug|Any CPU
		{EF333DE3-C1D5-4770-8C78-092D6D5E11CE}.Release|Any CPU.ActiveCfg = Release|Any CPU
		{EF333DE3-C1D5-4770-8C78-092D6D5E11CE}.Release|Any CPU.Build.0 = Release|Any CPU
		{EF333DE3-C1D5-4770-8C78-092D6D5E11CE}.Release|x64.ActiveCfg = Release|Any CPU
		{EF333DE3-C1D5-4770-8C78-092D6D5E11CE}.Release|x64.Build.0 = Release|Any CPU
		{EF333DE3-C1D5-4770-8C78-092D6D5E11CE}.Release|x86.ActiveCfg = Release|Any CPU
		{EF333DE3-C1D5-4770-8C78-092D6D5E11CE}.Release|x86.Build.0 = Release|Any CPU
		{14646477-DAAB-4E68-95EF-F9EC2CA91555}.Debug|Any CPU.ActiveCfg = Debug|Any CPU
		{14646477-DAAB-4E68-95EF-F9EC2CA91555}.Debug|Any CPU.Build.0 = Debug|Any CPU
		{14646477-DAAB-4E68-95EF-F9EC2CA91555}.Debug|x64.ActiveCfg = Debug|Any CPU
		{14646477-DAAB-4E68-95EF-F9EC2CA91555}.Debug|x64.Build.0 = Debug|Any CPU
		{14646477-DAAB-4E68-95EF-F9EC2CA91555}.Debug|x86.ActiveCfg = Debug|Any CPU
		{14646477-DAAB-4E68-95EF-F9EC2CA91555}.Debug|x86.Build.0 = Debug|Any CPU
		{14646477-DAAB-4E68-95EF-F9EC2CA91555}.Release|Any CPU.ActiveCfg = Release|Any CPU
		{14646477-DAAB-4E68-95EF-F9EC2CA91555}.Release|Any CPU.Build.0 = Release|Any CPU
		{14646477-DAAB-4E68-95EF-F9EC2CA91555}.Release|x64.ActiveCfg = Release|Any CPU
		{14646477-DAAB-4E68-95EF-F9EC2CA91555}.Release|x64.Build.0 = Release|Any CPU
		{14646477-DAAB-4E68-95EF-F9EC2CA91555}.Release|x86.ActiveCfg = Release|Any CPU
		{14646477-DAAB-4E68-95EF-F9EC2CA91555}.Release|x86.Build.0 = Release|Any CPU
		{C5F36211-99BF-470B-BCD5-868E724EF9FC}.Debug|Any CPU.ActiveCfg = Debug|Any CPU
		{C5F36211-99BF-470B-BCD5-868E724EF9FC}.Debug|Any CPU.Build.0 = Debug|Any CPU
		{C5F36211-99BF-470B-BCD5-868E724EF9FC}.Debug|x64.ActiveCfg = Debug|Any CPU
		{C5F36211-99BF-470B-BCD5-868E724EF9FC}.Debug|x64.Build.0 = Debug|Any CPU
		{C5F36211-99BF-470B-BCD5-868E724EF9FC}.Debug|x86.ActiveCfg = Debug|Any CPU
		{C5F36211-99BF-470B-BCD5-868E724EF9FC}.Debug|x86.Build.0 = Debug|Any CPU
		{C5F36211-99BF-470B-BCD5-868E724EF9FC}.Release|Any CPU.ActiveCfg = Release|Any CPU
		{C5F36211-99BF-470B-BCD5-868E724EF9FC}.Release|Any CPU.Build.0 = Release|Any CPU
		{C5F36211-99BF-470B-BCD5-868E724EF9FC}.Release|x64.ActiveCfg = Release|Any CPU
		{C5F36211-99BF-470B-BCD5-868E724EF9FC}.Release|x64.Build.0 = Release|Any CPU
		{C5F36211-99BF-470B-BCD5-868E724EF9FC}.Release|x86.ActiveCfg = Release|Any CPU
		{C5F36211-99BF-470B-BCD5-868E724EF9FC}.Release|x86.Build.0 = Release|Any CPU
		{99993BE5-F8C8-44D0-ABF2-DFC3FDA43577}.Debug|Any CPU.ActiveCfg = Debug|x86
		{99993BE5-F8C8-44D0-ABF2-DFC3FDA43577}.Debug|x64.ActiveCfg = Debug|x64
		{99993BE5-F8C8-44D0-ABF2-DFC3FDA43577}.Debug|x86.ActiveCfg = Debug|x86
		{99993BE5-F8C8-44D0-ABF2-DFC3FDA43577}.Release|Any CPU.ActiveCfg = Release|x86
		{99993BE5-F8C8-44D0-ABF2-DFC3FDA43577}.Release|x64.ActiveCfg = Release|x64
		{99993BE5-F8C8-44D0-ABF2-DFC3FDA43577}.Release|x86.ActiveCfg = Release|x86
		{3535E416-1D32-40B3-8228-470B5A0F2BCE}.Debug|Any CPU.ActiveCfg = Debug|x86
		{3535E416-1D32-40B3-8228-470B5A0F2BCE}.Debug|x64.ActiveCfg = Debug|x86
		{3535E416-1D32-40B3-8228-470B5A0F2BCE}.Debug|x86.ActiveCfg = Debug|x86
		{3535E416-1D32-40B3-8228-470B5A0F2BCE}.Release|Any CPU.ActiveCfg = Release|x86
		{3535E416-1D32-40B3-8228-470B5A0F2BCE}.Release|x64.ActiveCfg = Release|x86
		{3535E416-1D32-40B3-8228-470B5A0F2BCE}.Release|x86.ActiveCfg = Release|x86
		{1389ACAB-96A0-47B0-8AC1-21F56A27FDE9}.Debug|Any CPU.ActiveCfg = Debug|x64
		{1389ACAB-96A0-47B0-8AC1-21F56A27FDE9}.Debug|Any CPU.Build.0 = Debug|x64
		{1389ACAB-96A0-47B0-8AC1-21F56A27FDE9}.Debug|x64.ActiveCfg = Debug|x64
		{1389ACAB-96A0-47B0-8AC1-21F56A27FDE9}.Debug|x64.Build.0 = Debug|x64
		{1389ACAB-96A0-47B0-8AC1-21F56A27FDE9}.Debug|x86.ActiveCfg = Debug|Win32
		{1389ACAB-96A0-47B0-8AC1-21F56A27FDE9}.Debug|x86.Build.0 = Debug|Win32
		{1389ACAB-96A0-47B0-8AC1-21F56A27FDE9}.Release|Any CPU.ActiveCfg = Release|x64
		{1389ACAB-96A0-47B0-8AC1-21F56A27FDE9}.Release|Any CPU.Build.0 = Release|x64
		{1389ACAB-96A0-47B0-8AC1-21F56A27FDE9}.Release|x64.ActiveCfg = Release|x64
		{1389ACAB-96A0-47B0-8AC1-21F56A27FDE9}.Release|x64.Build.0 = Release|x64
		{1389ACAB-96A0-47B0-8AC1-21F56A27FDE9}.Release|x86.ActiveCfg = Release|Win32
		{1389ACAB-96A0-47B0-8AC1-21F56A27FDE9}.Release|x86.Build.0 = Release|Win32
		{97CA0577-23EF-4AD5-882A-A2685683A710}.Debug|Any CPU.ActiveCfg = Debug|Any CPU
		{97CA0577-23EF-4AD5-882A-A2685683A710}.Debug|Any CPU.Build.0 = Debug|Any CPU
		{97CA0577-23EF-4AD5-882A-A2685683A710}.Debug|x64.ActiveCfg = Debug|Any CPU
		{97CA0577-23EF-4AD5-882A-A2685683A710}.Debug|x64.Build.0 = Debug|Any CPU
		{97CA0577-23EF-4AD5-882A-A2685683A710}.Debug|x86.ActiveCfg = Debug|Any CPU
		{97CA0577-23EF-4AD5-882A-A2685683A710}.Debug|x86.Build.0 = Debug|Any CPU
		{97CA0577-23EF-4AD5-882A-A2685683A710}.Release|Any CPU.ActiveCfg = Release|Any CPU
		{97CA0577-23EF-4AD5-882A-A2685683A710}.Release|Any CPU.Build.0 = Release|Any CPU
		{97CA0577-23EF-4AD5-882A-A2685683A710}.Release|x64.ActiveCfg = Release|Any CPU
		{97CA0577-23EF-4AD5-882A-A2685683A710}.Release|x64.Build.0 = Release|Any CPU
		{97CA0577-23EF-4AD5-882A-A2685683A710}.Release|x86.ActiveCfg = Release|Any CPU
		{97CA0577-23EF-4AD5-882A-A2685683A710}.Release|x86.Build.0 = Release|Any CPU
		{B055EC0A-17EF-4427-AA4A-B65814971C36}.Debug|Any CPU.ActiveCfg = Debug|Any CPU
		{B055EC0A-17EF-4427-AA4A-B65814971C36}.Debug|Any CPU.Build.0 = Debug|Any CPU
		{B055EC0A-17EF-4427-AA4A-B65814971C36}.Debug|x64.ActiveCfg = Debug|Any CPU
		{B055EC0A-17EF-4427-AA4A-B65814971C36}.Debug|x64.Build.0 = Debug|Any CPU
		{B055EC0A-17EF-4427-AA4A-B65814971C36}.Debug|x86.ActiveCfg = Debug|Any CPU
		{B055EC0A-17EF-4427-AA4A-B65814971C36}.Debug|x86.Build.0 = Debug|Any CPU
		{B055EC0A-17EF-4427-AA4A-B65814971C36}.Release|Any CPU.ActiveCfg = Release|Any CPU
		{B055EC0A-17EF-4427-AA4A-B65814971C36}.Release|Any CPU.Build.0 = Release|Any CPU
		{B055EC0A-17EF-4427-AA4A-B65814971C36}.Release|x64.ActiveCfg = Release|Any CPU
		{B055EC0A-17EF-4427-AA4A-B65814971C36}.Release|x64.Build.0 = Release|Any CPU
		{B055EC0A-17EF-4427-AA4A-B65814971C36}.Release|x86.ActiveCfg = Release|Any CPU
		{B055EC0A-17EF-4427-AA4A-B65814971C36}.Release|x86.Build.0 = Release|Any CPU
	EndGlobalSection
	GlobalSection(SolutionProperties) = preSolution
		HideSolutionNode = FALSE
	EndGlobalSection
	GlobalSection(ExtensibilityGlobals) = postSolution
		SolutionGuid = {25AF4AFA-379D-40EB-BAD5-8A8F053A9428}
	EndGlobalSection
EndGlobal
